
Microsoft Visual Studio Solution File, Format Version 12.00
# Visual Studio Version 17
VisualStudioVersion = 17.10.35004.147
MinimumVisualStudioVersion = 10.0.40219.1
Project("{FAE04EC0-301F-11D3-BF4B-00C04F79EFBC}") = "Exam", "Exam.csproj", "{37F3E80A-4192-4EDC-B80C-5844EBF5D2F7}"
EndProject
Global
	GlobalSection(SolutionConfigurationPlatforms) = preSolution
		Debug|Any CPU = Debug|Any CPU
		Release|Any CPU = Release|Any CPU
	EndGlobalSection
	GlobalSection(ProjectConfigurationPlatforms) = postSolution
		{37F3E80A-4192-4EDC-B80C-5844EBF5D2F7}.Debug|Any CPU.ActiveCfg = Debug|Any CPU
		{37F3E80A-4192-4EDC-B80C-5844EBF5D2F7}.Debug|Any CPU.Build.0 = Debug|Any CPU
		{37F3E80A-4192-4EDC-B80C-5844EBF5D2F7}.Release|Any CPU.ActiveCfg = Release|Any CPU
		{37F3E80A-4192-4EDC-B80C-5844EBF5D2F7}.Release|Any CPU.Build.0 = Release|Any CPU
	EndGlobalSection
	GlobalSection(SolutionProperties) = preSolution
		HideSolutionNode = FALSE
	EndGlobalSection
	GlobalSection(ExtensibilityGlobals) = postSolution
		SolutionGuid = {D74CD851-B8D6-4B71-B7BA-F513101B0488}
	EndGlobalSection
EndGlobal
